// !$*UTF8*$!
{
	archiveVersion = 1;
	classes = {
	};
	objectVersion = 46;
	objects = {

/* Begin PBXBuildFile section */
		195CFD841C1E5E7D001F17E0 /* CustomScrollCell.m in Sources */ = {isa = PBXBuildFile; fileRef = 195CFD831C1E5E7D001F17E0 /* CustomScrollCell.m */; settings = {ASSET_TAGS = (); }; };
		19D232D81C1ADD370043A711 /* main.m in Sources */ = {isa = PBXBuildFile; fileRef = 19D232D71C1ADD370043A711 /* main.m */; };
		19D232DB1C1ADD370043A711 /* AppDelegate.m in Sources */ = {isa = PBXBuildFile; fileRef = 19D232DA1C1ADD370043A711 /* AppDelegate.m */; };
		19D232DE1C1ADD370043A711 /* ViewController.m in Sources */ = {isa = PBXBuildFile; fileRef = 19D232DD1C1ADD370043A711 /* ViewController.m */; };
		19D232E11C1ADD370043A711 /* Main.storyboard in Resources */ = {isa = PBXBuildFile; fileRef = 19D232DF1C1ADD370043A711 /* Main.storyboard */; };
		19D232E31C1ADD370043A711 /* Assets.xcassets in Resources */ = {isa = PBXBuildFile; fileRef = 19D232E21C1ADD370043A711 /* Assets.xcassets */; };
		19D232E61C1ADD370043A711 /* LaunchScreen.storyboard in Resources */ = {isa = PBXBuildFile; fileRef = 19D232E41C1ADD370043A711 /* LaunchScreen.storyboard */; };
		19D232F11C1ADD370043A711 /* JXScrollCellTests.m in Sources */ = {isa = PBXBuildFile; fileRef = 19D232F01C1ADD370043A711 /* JXScrollCellTests.m */; };
		19D232FC1C1ADD370043A711 /* JXScrollCellUITests.m in Sources */ = {isa = PBXBuildFile; fileRef = 19D232FB1C1ADD370043A711 /* JXScrollCellUITests.m */; };
		19D2330B1C1ADD5C0043A711 /* ParallaxCell.m in Sources */ = {isa = PBXBuildFile; fileRef = 19D2330A1C1ADD5C0043A711 /* ParallaxCell.m */; settings = {ASSET_TAGS = (); }; };
		19D2330D1C1ADE8B0043A711 /* Album4.jpg in Resources */ = {isa = PBXBuildFile; fileRef = 19D2330C1C1ADE8B0043A711 /* Album4.jpg */; settings = {ASSET_TAGS = (); }; };
		EC2FC2AC182546B76EF4B7D3 /* libPods.a in Frameworks */ = {isa = PBXBuildFile; fileRef = 846690C1DC32D86EF1ACFC55 /* libPods.a */; };
/* End PBXBuildFile section */

/* Begin PBXContainerItemProxy section */
		19D232ED1C1ADD370043A711 /* PBXContainerItemProxy */ = {
			isa = PBXContainerItemProxy;
			containerPortal = 19D232CB1C1ADD370043A711 /* Project object */;
			proxyType = 1;
			remoteGlobalIDString = 19D232D21C1ADD370043A711;
			remoteInfo = JXScrollCell;
		};
		19D232F81C1ADD370043A711 /* PBXContainerItemProxy */ = {
			isa = PBXContainerItemProxy;
			containerPortal = 19D232CB1C1ADD370043A711 /* Project object */;
			proxyType = 1;
			remoteGlobalIDString = 19D232D21C1ADD370043A711;
			remoteInfo = JXScrollCell;
		};
/* End PBXContainerItemProxy section */

/* Begin PBXFileReference section */
		195CFD821C1E5E7D001F17E0 /* CustomScrollCell.h */ = {isa = PBXFileReference; fileEncoding = 4; lastKnownFileType = sourcecode.c.h; path = CustomScrollCell.h; sourceTree = "<group>"; };
		195CFD831C1E5E7D001F17E0 /* CustomScrollCell.m */ = {isa = PBXFileReference; fileEncoding = 4; lastKnownFileType = sourcecode.c.objc; path = CustomScrollCell.m; sourceTree = "<group>"; };
		19D232D31C1ADD370043A711 /* JXScrollCell.app */ = {isa = PBXFileReference; explicitFileType = wrapper.application; includeInIndex = 0; path = JXScrollCell.app; sourceTree = BUILT_PRODUCTS_DIR; };
		19D232D71C1ADD370043A711 /* main.m */ = {isa = PBXFileReference; lastKnownFileType = sourcecode.c.objc; path = main.m; sourceTree = "<group>"; };
		19D232D91C1ADD370043A711 /* AppDelegate.h */ = {isa = PBXFileReference; lastKnownFileType = sourcecode.c.h; path = AppDelegate.h; sourceTree = "<group>"; };
		19D232DA1C1ADD370043A711 /* AppDelegate.m */ = {isa = PBXFileReference; lastKnownFileType = sourcecode.c.objc; path = AppDelegate.m; sourceTree = "<group>"; };
		19D232DC1C1ADD370043A711 /* ViewController.h */ = {isa = PBXFileReference; lastKnownFileType = sourcecode.c.h; path = ViewController.h; sourceTree = "<group>"; };
		19D232DD1C1ADD370043A711 /* ViewController.m */ = {isa = PBXFileReference; lastKnownFileType = sourcecode.c.objc; path = ViewController.m; sourceTree = "<group>"; };
		19D232E01C1ADD370043A711 /* Base */ = {isa = PBXFileReference; lastKnownFileType = file.storyboard; name = Base; path = Base.lproj/Main.storyboard; sourceTree = "<group>"; };
		19D232E21C1ADD370043A711 /* Assets.xcassets */ = {isa = PBXFileReference; lastKnownFileType = folder.assetcatalog; path = Assets.xcassets; sourceTree = "<group>"; };
		19D232E51C1ADD370043A711 /* Base */ = {isa = PBXFileReference; lastKnownFileType = file.storyboard; name = Base; path = Base.lproj/LaunchScreen.storyboard; sourceTree = "<group>"; };
		19D232E71C1ADD370043A711 /* Info.plist */ = {isa = PBXFileReference; lastKnownFileType = text.plist.xml; path = Info.plist; sourceTree = "<group>"; };
		19D232EC1C1ADD370043A711 /* JXScrollCellTests.xctest */ = {isa = PBXFileReference; explicitFileType = wrapper.cfbundle; includeInIndex = 0; path = JXScrollCellTests.xctest; sourceTree = BUILT_PRODUCTS_DIR; };
		19D232F01C1ADD370043A711 /* JXScrollCellTests.m */ = {isa = PBXFileReference; lastKnownFileType = sourcecode.c.objc; path = JXScrollCellTests.m; sourceTree = "<group>"; };
		19D232F21C1ADD370043A711 /* Info.plist */ = {isa = PBXFileReference; lastKnownFileType = text.plist.xml; path = Info.plist; sourceTree = "<group>"; };
		19D232F71C1ADD370043A711 /* JXScrollCellUITests.xctest */ = {isa = PBXFileReference; explicitFileType = wrapper.cfbundle; includeInIndex = 0; path = JXScrollCellUITests.xctest; sourceTree = BUILT_PRODUCTS_DIR; };
		19D232FB1C1ADD370043A711 /* JXScrollCellUITests.m */ = {isa = PBXFileReference; lastKnownFileType = sourcecode.c.objc; path = JXScrollCellUITests.m; sourceTree = "<group>"; };
		19D232FD1C1ADD370043A711 /* Info.plist */ = {isa = PBXFileReference; lastKnownFileType = text.plist.xml; path = Info.plist; sourceTree = "<group>"; };
		19D233091C1ADD5C0043A711 /* ParallaxCell.h */ = {isa = PBXFileReference; fileEncoding = 4; lastKnownFileType = sourcecode.c.h; path = ParallaxCell.h; sourceTree = "<group>"; };
		19D2330A1C1ADD5C0043A711 /* ParallaxCell.m */ = {isa = PBXFileReference; fileEncoding = 4; lastKnownFileType = sourcecode.c.objc; path = ParallaxCell.m; sourceTree = "<group>"; };
		19D2330C1C1ADE8B0043A711 /* Album4.jpg */ = {isa = PBXFileReference; lastKnownFileType = image.jpeg; path = Album4.jpg; sourceTree = "<group>"; };
		35C2040001C7A14D2FDE6893 /* Pods.release.xcconfig */ = {isa = PBXFileReference; includeInIndex = 1; lastKnownFileType = text.xcconfig; name = Pods.release.xcconfig; path = "Pods/Target Support Files/Pods/Pods.release.xcconfig"; sourceTree = "<group>"; };
		846690C1DC32D86EF1ACFC55 /* libPods.a */ = {isa = PBXFileReference; explicitFileType = archive.ar; includeInIndex = 0; path = libPods.a; sourceTree = BUILT_PRODUCTS_DIR; };
		E8532A60650CB2C4CAB9E046 /* Pods.debug.xcconfig */ = {isa = PBXFileReference; includeInIndex = 1; lastKnownFileType = text.xcconfig; name = Pods.debug.xcconfig; path = "Pods/Target Support Files/Pods/Pods.debug.xcconfig"; sourceTree = "<group>"; };
/* End PBXFileReference section */

/* Begin PBXFrameworksBuildPhase section */
		19D232D01C1ADD370043A711 /* Frameworks */ = {
			isa = PBXFrameworksBuildPhase;
			buildActionMask = 2147483647;
			files = (
				EC2FC2AC182546B76EF4B7D3 /* libPods.a in Frameworks */,
			);
			runOnlyForDeploymentPostprocessing = 0;
		};
		19D232E91C1ADD370043A711 /* Frameworks */ = {
			isa = PBXFrameworksBuildPhase;
			buildActionMask = 2147483647;
			files = (
			);
			runOnlyForDeploymentPostprocessing = 0;
		};
		19D232F41C1ADD370043A711 /* Frameworks */ = {
			isa = PBXFrameworksBuildPhase;
			buildActionMask = 2147483647;
			files = (
			);
			runOnlyForDeploymentPostprocessing = 0;
		};
/* End PBXFrameworksBuildPhase section */

/* Begin PBXGroup section */
		19D232CA1C1ADD370043A711 = {
			isa = PBXGroup;
			children = (
				19D232D51C1ADD370043A711 /* JXScrollCell */,
				19D232EF1C1ADD370043A711 /* JXScrollCellTests */,
				19D232FA1C1ADD370043A711 /* JXScrollCellUITests */,
				19D232D41C1ADD370043A711 /* Products */,
				D9D5FA1BC413F857D70011E9 /* Pods */,
				72C971BAD49FA4487B32DA26 /* Frameworks */,
			);
			sourceTree = "<group>";
		};
		19D232D41C1ADD370043A711 /* Products */ = {
			isa = PBXGroup;
			children = (
				19D232D31C1ADD370043A711 /* JXScrollCell.app */,
				19D232EC1C1ADD370043A711 /* JXScrollCellTests.xctest */,
				19D232F71C1ADD370043A711 /* JXScrollCellUITests.xctest */,
			);
			name = Products;
			sourceTree = "<group>";
		};
		19D232D51C1ADD370043A711 /* JXScrollCell */ = {
			isa = PBXGroup;
			children = (
				19D232D91C1ADD370043A711 /* AppDelegate.h */,
				19D232DA1C1ADD370043A711 /* AppDelegate.m */,
				19D232DC1C1ADD370043A711 /* ViewController.h */,
				19D232DD1C1ADD370043A711 /* ViewController.m */,
				195CFD821C1E5E7D001F17E0 /* CustomScrollCell.h */,
				195CFD831C1E5E7D001F17E0 /* CustomScrollCell.m */,
				19D233091C1ADD5C0043A711 /* ParallaxCell.h */,
				19D2330A1C1ADD5C0043A711 /* ParallaxCell.m */,
				19D232DF1C1ADD370043A711 /* Main.storyboard */,
				19D232E21C1ADD370043A711 /* Assets.xcassets */,
				19D232E41C1ADD370043A711 /* LaunchScreen.storyboard */,
				19D232E71C1ADD370043A711 /* Info.plist */,
				19D232D61C1ADD370043A711 /* Supporting Files */,
			);
			path = JXScrollCell;
			sourceTree = "<group>";
		};
		19D232D61C1ADD370043A711 /* Supporting Files */ = {
			isa = PBXGroup;
			children = (
				19D2330C1C1ADE8B0043A711 /* Album4.jpg */,
				19D232D71C1ADD370043A711 /* main.m */,
			);
			name = "Supporting Files";
			sourceTree = "<group>";
		};
		19D232EF1C1ADD370043A711 /* JXScrollCellTests */ = {
			isa = PBXGroup;
			children = (
				19D232F01C1ADD370043A711 /* JXScrollCellTests.m */,
				19D232F21C1ADD370043A711 /* Info.plist */,
			);
			path = JXScrollCellTests;
			sourceTree = "<group>";
		};
		19D232FA1C1ADD370043A711 /* JXScrollCellUITests */ = {
			isa = PBXGroup;
			children = (
				19D232FB1C1ADD370043A711 /* JXScrollCellUITests.m */,
				19D232FD1C1ADD370043A711 /* Info.plist */,
			);
			path = JXScrollCellUITests;
			sourceTree = "<group>";
		};
		72C971BAD49FA4487B32DA26 /* Frameworks */ = {
			isa = PBXGroup;
			children = (
				846690C1DC32D86EF1ACFC55 /* libPods.a */,
			);
			name = Frameworks;
			sourceTree = "<group>";
		};
		D9D5FA1BC413F857D70011E9 /* Pods */ = {
			isa = PBXGroup;
			children = (
				E8532A60650CB2C4CAB9E046 /* Pods.debug.xcconfig */,
				35C2040001C7A14D2FDE6893 /* Pods.release.xcconfig */,
			);
			name = Pods;
			sourceTree = "<group>";
		};
/* End PBXGroup section */

/* Begin PBXNativeTarget section */
		19D232D21C1ADD370043A711 /* JXScrollCell */ = {
			isa = PBXNativeTarget;
			buildConfigurationList = 19D233001C1ADD370043A711 /* Build configuration list for PBXNativeTarget "JXScrollCell" */;
			buildPhases = (
				713BDB23B4D22C294A3A8C13 /* Check Pods Manifest.lock */,
				19D232CF1C1ADD370043A711 /* Sources */,
				19D232D01C1ADD370043A711 /* Frameworks */,
				19D232D11C1ADD370043A711 /* Resources */,
				C32903A2037405698CE5E49E /* Embed Pods Frameworks */,
				11AE4AF619FB2C838CDB8FF2 /* Copy Pods Resources */,
			);
			buildRules = (
			);
			dependencies = (
			);
			name = JXScrollCell;
			productName = JXScrollCell;
			productReference = 19D232D31C1ADD370043A711 /* JXScrollCell.app */;
			productType = "com.apple.product-type.application";
		};
		19D232EB1C1ADD370043A711 /* JXScrollCellTests */ = {
			isa = PBXNativeTarget;
			buildConfigurationList = 19D233031C1ADD370043A711 /* Build configuration list for PBXNativeTarget "JXScrollCellTests" */;
			buildPhases = (
				19D232E81C1ADD370043A711 /* Sources */,
				19D232E91C1ADD370043A711 /* Frameworks */,
				19D232EA1C1ADD370043A711 /* Resources */,
			);
			buildRules = (
			);
			dependencies = (
				19D232EE1C1ADD370043A711 /* PBXTargetDependency */,
			);
			name = JXScrollCellTests;
			productName = JXScrollCellTests;
			productReference = 19D232EC1C1ADD370043A711 /* JXScrollCellTests.xctest */;
			productType = "com.apple.product-type.bundle.unit-test";
		};
		19D232F61C1ADD370043A711 /* JXScrollCellUITests */ = {
			isa = PBXNativeTarget;
			buildConfigurationList = 19D233061C1ADD370043A711 /* Build configuration list for PBXNativeTarget "JXScrollCellUITests" */;
			buildPhases = (
				19D232F31C1ADD370043A711 /* Sources */,
				19D232F41C1ADD370043A711 /* Frameworks */,
				19D232F51C1ADD370043A711 /* Resources */,
			);
			buildRules = (
			);
			dependencies = (
				19D232F91C1ADD370043A711 /* PBXTargetDependency */,
			);
			name = JXScrollCellUITests;
			productName = JXScrollCellUITests;
			productReference = 19D232F71C1ADD370043A711 /* JXScrollCellUITests.xctest */;
			productType = "com.apple.product-type.bundle.ui-testing";
		};
/* End PBXNativeTarget section */

/* Begin PBXProject section */
		19D232CB1C1ADD370043A711 /* Project object */ = {
			isa = PBXProject;
			attributes = {
				LastUpgradeCheck = 0700;
				ORGANIZATIONNAME = jiaxin;
				TargetAttributes = {
					19D232D21C1ADD370043A711 = {
						CreatedOnToolsVersion = 7.0;
					};
					19D232EB1C1ADD370043A711 = {
						CreatedOnToolsVersion = 7.0;
						TestTargetID = 19D232D21C1ADD370043A711;
					};
					19D232F61C1ADD370043A711 = {
						CreatedOnToolsVersion = 7.0;
						TestTargetID = 19D232D21C1ADD370043A711;
					};
				};
			};
			buildConfigurationList = 19D232CE1C1ADD370043A711 /* Build configuration list for PBXProject "JXScrollCell" */;
			compatibilityVersion = "Xcode 3.2";
			developmentRegion = English;
			hasScannedForEncodings = 0;
			knownRegions = (
				en,
				Base,
			);
			mainGroup = 19D232CA1C1ADD370043A711;
			productRefGroup = 19D232D41C1ADD370043A711 /* Products */;
			projectDirPath = "";
			projectRoot = "";
			targets = (
				19D232D21C1ADD370043A711 /* JXScrollCell */,
				19D232EB1C1ADD370043A711 /* JXScrollCellTests */,
				19D232F61C1ADD370043A711 /* JXScrollCellUITests */,
			);
		};
/* End PBXProject section */

/* Begin PBXResourcesBuildPhase section */
		19D232D11C1ADD370043A711 /* Resources */ = {
			isa = PBXResourcesBuildPhase;
			buildActionMask = 2147483647;
			files = (
				19D232E61C1ADD370043A711 /* LaunchScreen.storyboard in Resources */,
				19D232E31C1ADD370043A711 /* Assets.xcassets in Resources */,
				19D2330D1C1ADE8B0043A711 /* Album4.jpg in Resources */,
				19D232E11C1ADD370043A711 /* Main.storyboard in Resources */,
			);
			runOnlyForDeploymentPostprocessing = 0;
		};
		19D232EA1C1ADD370043A711 /* Resources */ = {
			isa = PBXResourcesBuildPhase;
			buildActionMask = 2147483647;
			files = (
			);
			runOnlyForDeploymentPostprocessing = 0;
		};
		19D232F51C1ADD370043A711 /* Resources */ = {
			isa = PBXResourcesBuildPhase;
			buildActionMask = 2147483647;
			files = (
			);
			runOnlyForDeploymentPostprocessing = 0;
		};
/* End PBXResourcesBuildPhase section */

/* Begin PBXShellScriptBuildPhase section */
		11AE4AF619FB2C838CDB8FF2 /* Copy Pods Resources */ = {
			isa = PBXShellScriptBuildPhase;
			buildActionMask = 2147483647;
			files = (
			);
			inputPaths = (
			);
			name = "Copy Pods Resources";
			outputPaths = (
			);
			runOnlyForDeploymentPostprocessing = 0;
			shellPath = /bin/sh;
			shellScript = "\"${SRCROOT}/Pods/Target Support Files/Pods/Pods-resources.sh\"\n";
			showEnvVarsInLog = 0;
		};
		713BDB23B4D22C294A3A8C13 /* Check Pods Manifest.lock */ = {
			isa = PBXShellScriptBuildPhase;
			buildActionMask = 2147483647;
			files = (
			);
			inputPaths = (
			);
			name = "Check Pods Manifest.lock";
			outputPaths = (
			);
			runOnlyForDeploymentPostprocessing = 0;
			shellPath = /bin/sh;
			shellScript = "diff \"${PODS_ROOT}/../Podfile.lock\" \"${PODS_ROOT}/Manifest.lock\" > /dev/null\nif [[ $? != 0 ]] ; then\n    cat << EOM\nerror: The sandbox is not in sync with the Podfile.lock. Run 'pod install' or update your CocoaPods installation.\nEOM\n    exit 1\nfi\n";
			showEnvVarsInLog = 0;
		};
		C32903A2037405698CE5E49E /* Embed Pods Frameworks */ = {
			isa = PBXShellScriptBuildPhase;
			buildActionMask = 2147483647;
			files = (
			);
			inputPaths = (
			);
			name = "Embed Pods Frameworks";
			outputPaths = (
			);
			runOnlyForDeploymentPostprocessing = 0;
			shellPath = /bin/sh;
			shellScript = "\"${SRCROOT}/Pods/Target Support Files/Pods/Pods-frameworks.sh\"\n";
			showEnvVarsInLog = 0;
		};
/* End PBXShellScriptBuildPhase section */

/* Begin PBXSourcesBuildPhase section */
		19D232CF1C1ADD370043A711 /* Sources */ = {
			isa = PBXSourcesBuildPhase;
			buildActionMask = 2147483647;
			files = (
				19D232DE1C1ADD370043A711 /* ViewController.m in Sources */,
				19D232DB1C1ADD370043A711 /* AppDelegate.m in Sources */,
				195CFD841C1E5E7D001F17E0 /* CustomScrollCell.m in Sources */,
				19D2330B1C1ADD5C0043A711 /* ParallaxCell.m in Sources */,
				19D232D81C1ADD370043A711 /* main.m in Sources */,
			);
			runOnlyForDeploymentPostprocessing = 0;
		};
		19D232E81C1ADD370043A711 /* Sources */ = {
			isa = PBXSourcesBuildPhase;
			buildActionMask = 2147483647;
			files = (
				19D232F11C1ADD370043A711 /* JXScrollCellTests.m in Sources */,
			);
			runOnlyForDeploymentPostprocessing = 0;
		};
		19D232F31C1ADD370043A711 /* Sources */ = {
			isa = PBXSourcesBuildPhase;
			buildActionMask = 2147483647;
			files = (
				19D232FC1C1ADD370043A711 /* JXScrollCellUITests.m in Sources */,
			);
			runOnlyForDeploymentPostprocessing = 0;
		};
/* End PBXSourcesBuildPhase section */

/* Begin PBXTargetDependency section */
		19D232EE1C1ADD370043A711 /* PBXTargetDependency */ = {
			isa = PBXTargetDependency;
			target = 19D232D21C1ADD370043A711 /* JXScrollCell */;
			targetProxy = 19D232ED1C1ADD370043A711 /* PBXContainerItemProxy */;
		};
		19D232F91C1ADD370043A711 /* PBXTargetDependency */ = {
			isa = PBXTargetDependency;
			target = 19D232D21C1ADD370043A711 /* JXScrollCell */;
			targetProxy = 19D232F81C1ADD370043A711 /* PBXContainerItemProxy */;
		};
/* End PBXTargetDependency section */

/* Begin PBXVariantGroup section */
		19D232DF1C1ADD370043A711 /* Main.storyboard */ = {
			isa = PBXVariantGroup;
			children = (
				19D232E01C1ADD370043A711 /* Base */,
			);
			name = Main.storyboard;
			sourceTree = "<group>";
		};
		19D232E41C1ADD370043A711 /* LaunchScreen.storyboard */ = {
			isa = PBXVariantGroup;
			children = (
				19D232E51C1ADD370043A711 /* Base */,
			);
			name = LaunchScreen.storyboard;
			sourceTree = "<group>";
		};
/* End PBXVariantGroup section */

/* Begin XCBuildConfiguration section */
		19D232FE1C1ADD370043A711 /* Debug */ = {
			isa = XCBuildConfiguration;
			buildSettings = {
				ALWAYS_SEARCH_USER_PATHS = NO;
				CLANG_CXX_LANGUAGE_STANDARD = "gnu++0x";
				CLANG_CXX_LIBRARY = "libc++";
				CLANG_ENABLE_MODULES = YES;
				CLANG_ENABLE_OBJC_ARC = YES;
				CLANG_WARN_BOOL_CONVERSION = YES;
				CLANG_WARN_CONSTANT_CONVERSION = YES;
				CLANG_WARN_DIRECT_OBJC_ISA_USAGE = YES_ERROR;
				CLANG_WARN_EMPTY_BODY = YES;
				CLANG_WARN_ENUM_CONVERSION = YES;
				CLANG_WARN_INT_CONVERSION = YES;
				CLANG_WARN_OBJC_ROOT_CLASS = YES_ERROR;
				CLANG_WARN_UNREACHABLE_CODE = YES;
				CLANG_WARN__DUPLICATE_METHOD_MATCH = YES;
				"CODE_SIGN_IDENTITY[sdk=iphoneos*]" = "iPhone Developer";
				COPY_PHASE_STRIP = NO;
				DEBUG_INFORMATION_FORMAT = dwarf;
				ENABLE_STRICT_OBJC_MSGSEND = YES;
				ENABLE_TESTABILITY = YES;
				GCC_C_LANGUAGE_STANDARD = gnu99;
				GCC_DYNAMIC_NO_PIC = NO;
				GCC_NO_COMMON_BLOCKS = YES;
				GCC_OPTIMIZATION_LEVEL = 0;
				GCC_PREPROCESSOR_DEFINITIONS = (
					"DEBUG=1",
					"$(inherited)",
				);
				GCC_WARN_64_TO_32_BIT_CONVERSION = YES;
				GCC_WARN_ABOUT_RETURN_TYPE = YES_ERROR;
				GCC_WARN_UNDECLARED_SELECTOR = YES;
				GCC_WARN_UNINITIALIZED_AUTOS = YES_AGGRESSIVE;
				GCC_WARN_UNUSED_FUNCTION = YES;
				GCC_WARN_UNUSED_VARIABLE = YES;
				IPHONEOS_DEPLOYMENT_TARGET = 9.0;
				MTL_ENABLE_DEBUG_INFO = YES;
				ONLY_ACTIVE_ARCH = YES;
				SDKROOT = iphoneos;
			};
			name = Debug;
		};
		19D232FF1C1ADD370043A711 /* Release */ = {
			isa = XCBuildConfiguration;
			buildSettings = {
				ALWAYS_SEARCH_USER_PATHS = NO;
				CLANG_CXX_LANGUAGE_STANDARD = "gnu++0x";
				CLANG_CXX_LIBRARY = "libc++";
				CLANG_ENABLE_MODULES = YES;
				CLANG_ENABLE_OBJC_ARC = YES;
				CLANG_WARN_BOOL_CONVERSION = YES;
				CLANG_WARN_CONSTANT_CONVERSION = YES;
				CLANG_WARN_DIRECT_OBJC_ISA_USAGE = YES_ERROR;
				CLANG_WARN_EMPTY_BODY = YES;
				CLANG_WARN_ENUM_CONVERSION = YES;
				CLANG_WARN_INT_CONVERSION = YES;
				CLANG_WARN_OBJC_ROOT_CLASS = YES_ERROR;
				CLANG_WARN_UNREACHABLE_CODE = YES;
				CLANG_WARN__DUPLICATE_METHOD_MATCH = YES;
				"CODE_SIGN_IDENTITY[sdk=iphoneos*]" = "iPhone Developer";
				COPY_PHASE_STRIP = NO;
				DEBUG_INFORMATION_FORMAT = "dwarf-with-dsym";
				ENABLE_NS_ASSERTIONS = NO;
				ENABLE_STRICT_OBJC_MSGSEND = YES;
				GCC_C_LANGUAGE_STANDARD = gnu99;
				GCC_NO_COMMON_BLOCKS = YES;
				GCC_WARN_64_TO_32_BIT_CONVERSION = YES;
				GCC_WARN_ABOUT_RETURN_TYPE = YES_ERROR;
				GCC_WARN_UNDECLARED_SELECTOR = YES;
				GCC_WARN_UNINITIALIZED_AUTOS = YES_AGGRESSIVE;
				GCC_WARN_UNUSED_FUNCTION = YES;
				GCC_WARN_UNUSED_VARIABLE = YES;
				IPHONEOS_DEPLOYMENT_TARGET = 9.0;
				MTL_ENABLE_DEBUG_INFO = NO;
				SDKROOT = iphoneos;
				VALIDATE_PRODUCT = YES;
			};
			name = Release;
		};
		19D233011C1ADD370043A711 /* Debug */ = {
			isa = XCBuildConfiguration;
			baseConfigurationReference = E8532A60650CB2C4CAB9E046 /* Pods.debug.xcconfig */;
			buildSettings = {
				ASSETCATALOG_COMPILER_APPICON_NAME = AppIcon;
				INFOPLIST_FILE = JXScrollCell/Info.plist;
				IPHONEOS_DEPLOYMENT_TARGET = 8.0;
				LD_RUNPATH_SEARCH_PATHS = "$(inherited) @executable_path/Frameworks";
				PRODUCT_BUNDLE_IDENTIFIER = jiaxin.JXScrollCell;
				PRODUCT_NAME = "$(TARGET_NAME)";
			};
			name = Debug;
		};
		19D233021C1ADD370043A711 /* Release */ = {
			isa = XCBuildConfiguration;
			baseConfigurationReference = 35C2040001C7A14D2FDE6893 /* Pods.release.xcconfig */;
			buildSettings = {
				ASSETCATALOG_COMPILER_APPICON_NAME = AppIcon;
				INFOPLIST_FILE = JXScrollCell/Info.plist;
				IPHONEOS_DEPLOYMENT_TARGET = 8.0;
				LD_RUNPATH_SEARCH_PATHS = "$(inherited) @executable_path/Frameworks";
				PRODUCT_BUNDLE_IDENTIFIER = jiaxin.JXScrollCell;
				PRODUCT_NAME = "$(TARGET_NAME)";
			};
			name = Release;
		};
		19D233041C1ADD370043A711 /* Debug */ = {
			isa = XCBuildConfiguration;
			buildSettings = {
				BUNDLE_LOADER = "$(TEST_HOST)";
				INFOPLIST_FILE = JXScrollCellTests/Info.plist;
				LD_RUNPATH_SEARCH_PATHS = "$(inherited) @executable_path/Frameworks @loader_path/Frameworks";
				PRODUCT_BUNDLE_IDENTIFIER = jiaxin.JXScrollCellTests;
				PRODUCT_NAME = "$(TARGET_NAME)";
				TEST_HOST = "$(BUILT_PRODUCTS_DIR)/JXScrollCell.app/JXScrollCell";
			};
			name = Debug;
		};
		19D233051C1ADD370043A711 /* Release */ = {
			isa = XCBuildConfiguration;
			buildSettings = {
				BUNDLE_LOADER = "$(TEST_HOST)";
				INFOPLIST_FILE = JXScrollCellTests/Info.plist;
				LD_RUNPATH_SEARCH_PATHS = "$(inherited) @executable_path/Frameworks @loader_path/Frameworks";
				PRODUCT_BUNDLE_IDENTIFIER = jiaxin.JXScrollCellTests;
				PRODUCT_NAME = "$(TARGET_NAME)";
				TEST_HOST = "$(BUILT_PRODUCTS_DIR)/JXScrollCell.app/JXScrollCell";
			};
			name = Release;
		};
		19D233071C1ADD370043A711 /* Debug */ = {
			isa = XCBuildConfiguration;
			buildSettings = {
				INFOPLIST_FILE = JXScrollCellUITests/Info.plist;
				LD_RUNPATH_SEARCH_PATHS = "$(inherited) @executable_path/Frameworks @loader_path/Frameworks";
				PRODUCT_BUNDLE_IDENTIFIER = jiaxin.JXScrollCellUITests;
				PRODUCT_NAME = "$(TARGET_NAME)";
				TEST_TARGET_NAME = JXScrollCell;
				USES_XCTRUNNER = YES;
			};
			name = Debug;
		};
		19D233081C1ADD370043A711 /* Release */ = {
			isa = XCBuildConfiguration;
			buildSettings = {
				INFOPLIST_FILE = JXScrollCellUITests/Info.plist;
				LD_RUNPATH_SEARCH_PATHS = "$(inherited) @executable_path/Frameworks @loader_path/Frameworks";
				PRODUCT_BUNDLE_IDENTIFIER = jiaxin.JXScrollCellUITests;
				PRODUCT_NAME = "$(TARGET_NAME)";
				TEST_TARGET_NAME = JXScrollCell;
				USES_XCTRUNNER = YES;
			};
			name = Release;
		};
/* End XCBuildConfiguration section */

/* Begin XCConfigurationList section */
		19D232CE1C1ADD370043A711 /* Build configuration list for PBXProject "JXScrollCell" */ = {
			isa = XCConfigurationList;
			buildConfigurations = (
				19D232FE1C1ADD370043A711 /* Debug */,
				19D232FF1C1ADD370043A711 /* Release */,
			);
			defaultConfigurationIsVisible = 0;
			defaultConfigurationName = Release;
		};
		19D233001C1ADD370043A711 /* Build configuration list for PBXNativeTarget "JXScrollCell" */ = {
			isa = XCConfigurationList;
			buildConfigurations = (
				19D233011C1ADD370043A711 /* Debug */,
				19D233021C1ADD370043A711 /* Release */,
			);
			defaultConfigurationIsVisible = 0;
			defaultConfigurationName = Release;
		};
		19D233031C1ADD370043A711 /* Build configuration list for PBXNativeTarget "JXScrollCellTests" */ = {
			isa = XCConfigurationList;
			buildConfigurations = (
				19D233041C1ADD370043A711 /* Debug */,
				19D233051C1ADD370043A711 /* Release */,
			);
			defaultConfigurationIsVisible = 0;
			defaultConfigurationName = Release;
		};
		19D233061C1ADD370043A711 /* Build configuration list for PBXNativeTarget "JXScrollCellUITests" */ = {
			isa = XCConfigurationList;
			buildConfigurations = (
				19D233071C1ADD370043A711 /* Debug */,
				19D233081C1ADD370043A711 /* Release */,
			);
			defaultConfigurationIsVisible = 0;
			defaultConfigurationName = Release;
		};
/* End XCConfigurationList section */
	};
	rootObject = 19D232CB1C1ADD370043A711 /* Project object */;
}
